
Microsoft Visual Studio Solution File, Format Version 12.00
# Visual Studio Version 17
VisualStudioVersion = 17.11.35208.52
MinimumVisualStudioVersion = 10.0.40219.1
Project("{FAE04EC0-301F-11D3-BF4B-00C04F79EFBC}") = "MatheusSound", "MatheusSound\MatheusSound.csproj", "{34CD7DF2-5BFB-48DF-85E1-4D795AE9B60A}"
EndProject
Global
	GlobalSection(SolutionConfigurationPlatforms) = preSolution
		Debug|Any CPU = Debug|Any CPU
		Release|Any CPU = Release|Any CPU
	EndGlobalSection
	GlobalSection(ProjectConfigurationPlatforms) = postSolution
		{34CD7DF2-5BFB-48DF-85E1-4D795AE9B60A}.Debug|Any CPU.ActiveCfg = Debug|Any CPU
		{34CD7DF2-5BFB-48DF-85E1-4D795AE9B60A}.Debug|Any CPU.Build.0 = Debug|Any CPU
		{34CD7DF2-5BFB-48DF-85E1-4D795AE9B60A}.Release|Any CPU.ActiveCfg = Release|Any CPU
		{34CD7DF2-5BFB-48DF-85E1-4D795AE9B60A}.Release|Any CPU.Build.0 = Release|Any CPU
	EndGlobalSection
	GlobalSection(SolutionProperties) = preSolution
		HideSolutionNode = FALSE
	EndGlobalSection
	GlobalSection(ExtensibilityGlobals) = postSolution
		SolutionGuid = {BBE15B34-9D09-4D7F-A5D8-F9F54D75EA35}
	EndGlobalSection
EndGlobal
